
Microsoft Visual Studio Solution File, Format Version 12.00
# Visual Studio 15
VisualStudioVersion = 15.0.26730.12
MinimumVisualStudioVersion = 10.0.40219.1
Project("{FAE04EC0-301F-11D3-BF4B-00C04F79EFBC}") = "IntegratedLibrarySystem", "IntegratedLibrarySystem\IntegratedLibrarySystem.csproj", "{6A00E78D-9771-465C-801D-CB56DF7F65CE}"
EndProject
Global
	GlobalSection(SolutionConfigurationPlatforms) = preSolution
		Debug|Any CPU = Debug|Any CPU
		Release|Any CPU = Release|Any CPU
	EndGlobalSection
	GlobalSection(ProjectConfigurationPlatforms) = postSolution
		{6A00E78D-9771-465C-801D-CB56DF7F65CE}.Debug|Any CPU.ActiveCfg = Debug|Any CPU
		{6A00E78D-9771-465C-801D-CB56DF7F65CE}.Debug|Any CPU.Build.0 = Debug|Any CPU
		{6A00E78D-9771-465C-801D-CB56DF7F65CE}.Release|Any CPU.ActiveCfg = Release|Any CPU
		{6A00E78D-9771-465C-801D-CB56DF7F65CE}.Release|Any CPU.Build.0 = Release|Any CPU
	EndGlobalSection
	GlobalSection(SolutionProperties) = preSolution
		HideSolutionNode = FALSE
	EndGlobalSection
	GlobalSection(ExtensibilityGlobals) = postSolution
		SolutionGuid = {AAF3F37D-AD72-4D33-AE8F-1486E9C4ED17}
	EndGlobalSection
EndGlobal
